// !$*UTF8*$!
{
	archiveVersion = 1;
	classes = {
	};
	objectVersion = 50;
	objects = {

/* Begin PBXBuildFile section */
		8B899CEF21F328EC00FF9A7D /* AppDelegate.swift in Sources */ = {isa = PBXBuildFile; fileRef = 8B899CEE21F328EC00FF9A7D /* AppDelegate.swift */; };
		8B899CF421F328EC00FF9A7D /* Main.storyboard in Resources */ = {isa = PBXBuildFile; fileRef = 8B899CF221F328EC00FF9A7D /* Main.storyboard */; };
		8B899CF621F328ED00FF9A7D /* Assets.xcassets in Resources */ = {isa = PBXBuildFile; fileRef = 8B899CF521F328ED00FF9A7D /* Assets.xcassets */; };
		8B899CF921F328ED00FF9A7D /* LaunchScreen.storyboard in Resources */ = {isa = PBXBuildFile; fileRef = 8B899CF721F328ED00FF9A7D /* LaunchScreen.storyboard */; };
		8B899D0121F3293800FF9A7D /* VideoListViewController.swift in Sources */ = {isa = PBXBuildFile; fileRef = 8B899D0021F3293800FF9A7D /* VideoListViewController.swift */; };
		8B899D0321F3298000FF9A7D /* Video.swift in Sources */ = {isa = PBXBuildFile; fileRef = 8B899D0221F3298000FF9A7D /* Video.swift */; };
		8B899D0521F32B2100FF9A7D /* PIPVideoPlayer.swift in Sources */ = {isa = PBXBuildFile; fileRef = 8B899D0421F32B2100FF9A7D /* PIPVideoPlayer.swift */; };
		8B899D0921F35EA000FF9A7D /* VideoPlayerView.xib in Resources */ = {isa = PBXBuildFile; fileRef = 8B899D0821F35EA000FF9A7D /* VideoPlayerView.xib */; };
		8B899D0C21F41C7300FF9A7D /* VideoViewCell.swift in Sources */ = {isa = PBXBuildFile; fileRef = 8B899D0A21F41C7200FF9A7D /* VideoViewCell.swift */; };
		8B899D0D21F41C7300FF9A7D /* VideoViewCell.xib in Resources */ = {isa = PBXBuildFile; fileRef = 8B899D0B21F41C7200FF9A7D /* VideoViewCell.xib */; };
/* End PBXBuildFile section */

/* Begin PBXFileReference section */
		8B899CEB21F328EC00FF9A7D /* PiPVideoPlayer.app */ = {isa = PBXFileReference; explicitFileType = wrapper.application; includeInIndex = 0; path = PiPVideoPlayer.app; sourceTree = BUILT_PRODUCTS_DIR; };
		8B899CEE21F328EC00FF9A7D /* AppDelegate.swift */ = {isa = PBXFileReference; lastKnownFileType = sourcecode.swift; path = AppDelegate.swift; sourceTree = "<group>"; };
		8B899CF321F328EC00FF9A7D /* Base */ = {isa = PBXFileReference; lastKnownFileType = file.storyboard; name = Base; path = Base.lproj/Main.storyboard; sourceTree = "<group>"; };
		8B899CF521F328ED00FF9A7D /* Assets.xcassets */ = {isa = PBXFileReference; lastKnownFileType = folder.assetcatalog; path = Assets.xcassets; sourceTree = "<group>"; };
		8B899CF821F328ED00FF9A7D /* Base */ = {isa = PBXFileReference; lastKnownFileType = file.storyboard; name = Base; path = Base.lproj/LaunchScreen.storyboard; sourceTree = "<group>"; };
		8B899CFA21F328ED00FF9A7D /* Info.plist */ = {isa = PBXFileReference; lastKnownFileType = text.plist.xml; path = Info.plist; sourceTree = "<group>"; };
		8B899D0021F3293800FF9A7D /* VideoListViewController.swift */ = {isa = PBXFileReference; lastKnownFileType = sourcecode.swift; path = VideoListViewController.swift; sourceTree = "<group>"; };
		8B899D0221F3298000FF9A7D /* Video.swift */ = {isa = PBXFileReference; lastKnownFileType = sourcecode.swift; path = Video.swift; sourceTree = "<group>"; };
		8B899D0421F32B2100FF9A7D /* PIPVideoPlayer.swift */ = {isa = PBXFileReference; lastKnownFileType = sourcecode.swift; path = PIPVideoPlayer.swift; sourceTree = "<group>"; };
		8B899D0821F35EA000FF9A7D /* VideoPlayerView.xib */ = {isa = PBXFileReference; lastKnownFileType = file.xib; path = VideoPlayerView.xib; sourceTree = "<group>"; };
		8B899D0A21F41C7200FF9A7D /* VideoViewCell.swift */ = {isa = PBXFileReference; lastKnownFileType = sourcecode.swift; path = VideoViewCell.swift; sourceTree = "<group>"; };
		8B899D0B21F41C7200FF9A7D /* VideoViewCell.xib */ = {isa = PBXFileReference; lastKnownFileType = file.xib; path = VideoViewCell.xib; sourceTree = "<group>"; };
/* End PBXFileReference section */

/* Begin PBXFrameworksBuildPhase section */
		8B899CE821F328EC00FF9A7D /* Frameworks */ = {
			isa = PBXFrameworksBuildPhase;
			buildActionMask = 2147483647;
			files = (
			);
			runOnlyForDeploymentPostprocessing = 0;
		};
/* End PBXFrameworksBuildPhase section */

/* Begin PBXGroup section */
		8B899CE221F328EC00FF9A7D = {
			isa = PBXGroup;
			children = (
				8B899CED21F328EC00FF9A7D /* PiPVideoPlayer */,
				8B899CEC21F328EC00FF9A7D /* Products */,
			);
			sourceTree = "<group>";
		};
		8B899CEC21F328EC00FF9A7D /* Products */ = {
			isa = PBXGroup;
			children = (
				8B899CEB21F328EC00FF9A7D /* PiPVideoPlayer.app */,
			);
			name = Products;
			sourceTree = "<group>";
		};
		8B899CED21F328EC00FF9A7D /* PiPVideoPlayer */ = {
			isa = PBXGroup;
			children = (
				8B899CEE21F328EC00FF9A7D /* AppDelegate.swift */,
				8B899D0021F3293800FF9A7D /* VideoListViewController.swift */,
				8B899D0221F3298000FF9A7D /* Video.swift */,
				8B899D0421F32B2100FF9A7D /* PIPVideoPlayer.swift */,
				8B899D0821F35EA000FF9A7D /* VideoPlayerView.xib */,
				8B899CF221F328EC00FF9A7D /* Main.storyboard */,
				8B899CF521F328ED00FF9A7D /* Assets.xcassets */,
				8B899CF721F328ED00FF9A7D /* LaunchScreen.storyboard */,
				8B899CFA21F328ED00FF9A7D /* Info.plist */,
				8B899D0A21F41C7200FF9A7D /* VideoViewCell.swift */,
				8B899D0B21F41C7200FF9A7D /* VideoViewCell.xib */,
			);
			path = PiPVideoPlayer;
			sourceTree = "<group>";
		};
/* End PBXGroup section */

/* Begin PBXNativeTarget section */
		8B899CEA21F328EC00FF9A7D /* PiPVideoPlayer */ = {
			isa = PBXNativeTarget;
			buildConfigurationList = 8B899CFD21F328ED00FF9A7D /* Build configuration list for PBXNativeTarget "PiPVideoPlayer" */;
			buildPhases = (
				8B899CE721F328EC00FF9A7D /* Sources */,
				8B899CE821F328EC00FF9A7D /* Frameworks */,
				8B899CE921F328EC00FF9A7D /* Resources */,
			);
			buildRules = (
			);
			dependencies = (
			);
			name = PiPVideoPlayer;
			productName = PiPVideoPlayer;
			productReference = 8B899CEB21F328EC00FF9A7D /* PiPVideoPlayer.app */;
			productType = "com.apple.product-type.application";
		};
/* End PBXNativeTarget section */

/* Begin PBXProject section */
		8B899CE321F328EC00FF9A7D /* Project object */ = {
			isa = PBXProject;
			attributes = {
				LastSwiftUpdateCheck = 1010;
				LastUpgradeCheck = 1010;
				ORGANIZATIONNAME = "Alfian Losari";
				TargetAttributes = {
					8B899CEA21F328EC00FF9A7D = {
						CreatedOnToolsVersion = 10.1;
					};
				};
			};
			buildConfigurationList = 8B899CE621F328EC00FF9A7D /* Build configuration list for PBXProject "PiPVideoPlayer" */;
			compatibilityVersion = "Xcode 9.3";
			developmentRegion = en;
			hasScannedForEncodings = 0;
			knownRegions = (
				en,
				Base,
			);
			mainGroup = 8B899CE221F328EC00FF9A7D;
			productRefGroup = 8B899CEC21F328EC00FF9A7D /* Products */;
			projectDirPath = "";
			projectRoot = "";
			targets = (
				8B899CEA21F328EC00FF9A7D /* PiPVideoPlayer */,
			);
		};
/* End PBXProject section */

/* Begin PBXResourcesBuildPhase section */
		8B899CE921F328EC00FF9A7D /* Resources */ = {
			isa = PBXResourcesBuildPhase;
			buildActionMask = 2147483647;
			files = (
				8B899CF921F328ED00FF9A7D /* LaunchScreen.storyboard in Resources */,
				8B899CF621F328ED00FF9A7D /* Assets.xcassets in Resources */,
				8B899D0D21F41C7300FF9A7D /* VideoViewCell.xib in Resources */,
				8B899CF421F328EC00FF9A7D /* Main.storyboard in Resources */,
				8B899D0921F35EA000FF9A7D /* VideoPlayerView.xib in Resources */,
			);
			runOnlyForDeploymentPostprocessing = 0;
		};
/* End PBXResourcesBuildPhase section */

/* Begin PBXSourcesBuildPhase section */
		8B899CE721F328EC00FF9A7D /* Sources */ = {
			isa = PBXSourcesBuildPhase;
			buildActionMask = 2147483647;
			files = (
				8B899D0521F32B2100FF9A7D /* PIPVideoPlayer.swift in Sources */,
				8B899D0C21F41C7300FF9A7D /* VideoViewCell.swift in Sources */,
				8B899D0121F3293800FF9A7D /* VideoListViewController.swift in Sources */,
				8B899D0321F3298000FF9A7D /* Video.swift in Sources */,
				8B899CEF21F328EC00FF9A7D /* AppDelegate.swift in Sources */,
			);
			runOnlyForDeploymentPostprocessing = 0;
		};
/* End PBXSourcesBuildPhase section */

/* Begin PBXVariantGroup section */
		8B899CF221F328EC00FF9A7D /* Main.storyboard */ = {
			isa = PBXVariantGroup;
			children = (
				8B899CF321F328EC00FF9A7D /* Base */,
			);
			name = Main.storyboard;
			sourceTree = "<group>";
		};
		8B899CF721F328ED00FF9A7D /* LaunchScreen.storyboard */ = {
			isa = PBXVariantGroup;
			children = (
				8B899CF821F328ED00FF9A7D /* Base */,
			);
			name = LaunchScreen.storyboard;
			sourceTree = "<group>";
		};
/* End PBXVariantGroup section */

/* Begin XCBuildConfiguration section */
		8B899CFB21F328ED00FF9A7D /* Debug */ = {
			isa = XCBuildConfiguration;
			buildSettings = {
				ALWAYS_SEARCH_USER_PATHS = NO;
				CLANG_ANALYZER_NONNULL = YES;
				CLANG_ANALYZER_NUMBER_OBJECT_CONVERSION = YES_AGGRESSIVE;
				CLANG_CXX_LANGUAGE_STANDARD = "gnu++14";
				CLANG_CXX_LIBRARY = "libc++";
				CLANG_ENABLE_MODULES = YES;
				CLANG_ENABLE_OBJC_ARC = YES;
				CLANG_ENABLE_OBJC_WEAK = YES;
				CLANG_WARN_BLOCK_CAPTURE_AUTORELEASING = YES;
				CLANG_WARN_BOOL_CONVERSION = YES;
				CLANG_WARN_COMMA = YES;
				CLANG_WARN_CONSTANT_CONVERSION = YES;
				CLANG_WARN_DEPRECATED_OBJC_IMPLEMENTATIONS = YES;
				CLANG_WARN_DIRECT_OBJC_ISA_USAGE = YES_ERROR;
				CLANG_WARN_DOCUMENTATION_COMMENTS = YES;
				CLANG_WARN_EMPTY_BODY = YES;
				CLANG_WARN_ENUM_CONVERSION = YES;
				CLANG_WARN_INFINITE_RECURSION = YES;
				CLANG_WARN_INT_CONVERSION = YES;
				CLANG_WARN_NON_LITERAL_NULL_CONVERSION = YES;
				CLANG_WARN_OBJC_IMPLICIT_RETAIN_SELF = YES;
				CLANG_WARN_OBJC_LITERAL_CONVERSION = YES;
				CLANG_WARN_OBJC_ROOT_CLASS = YES_ERROR;
				CLANG_WARN_RANGE_LOOP_ANALYSIS = YES;
				CLANG_WARN_STRICT_PROTOTYPES = YES;
				CLANG_WARN_SUSPICIOUS_MOVE = YES;
				CLANG_WARN_UNGUARDED_AVAILABILITY = YES_AGGRESSIVE;
				CLANG_WARN_UNREACHABLE_CODE = YES;
				CLANG_WARN__DUPLICATE_METHOD_MATCH = YES;
				CODE_SIGN_IDENTITY = "iPhone Developer";
				COPY_PHASE_STRIP = NO;
				DEBUG_INFORMATION_FORMAT = dwarf;
				ENABLE_STRICT_OBJC_MSGSEND = YES;
				ENABLE_TESTABILITY = YES;
				GCC_C_LANGUAGE_STANDARD = gnu11;
				GCC_DYNAMIC_NO_PIC = NO;
				GCC_NO_COMMON_BLOCKS = YES;
				GCC_OPTIMIZATION_LEVEL = 0;
				GCC_PREPROCESSOR_DEFINITIONS = (
					"DEBUG=1",
					"$(inherited)",
				);
				GCC_WARN_64_TO_32_BIT_CONVERSION = YES;
				GCC_WARN_ABOUT_RETURN_TYPE = YES_ERROR;
				GCC_WARN_UNDECLARED_SELECTOR = YES;
				GCC_WARN_UNINITIALIZED_AUTOS = YES_AGGRESSIVE;
				GCC_WARN_UNUSED_FUNCTION = YES;
				GCC_WARN_UNUSED_VARIABLE = YES;
				IPHONEOS_DEPLOYMENT_TARGET = 12.1;
				MTL_ENABLE_DEBUG_INFO = INCLUDE_SOURCE;
				MTL_FAST_MATH = YES;
				ONLY_ACTIVE_ARCH = YES;
				SDKROOT = iphoneos;
				SWIFT_ACTIVE_COMPILATION_CONDITIONS = DEBUG;
				SWIFT_OPTIMIZATION_LEVEL = "-Onone";
			};
			name = Debug;
		};
		8B899CFC21F328ED00FF9A7D /* Release */ = {
			isa = XCBuildConfiguration;
			buildSettings = {
				ALWAYS_SEARCH_USER_PATHS = NO;
				CLANG_ANALYZER_NONNULL = YES;
				CLANG_ANALYZER_NUMBER_OBJECT_CONVERSION = YES_AGGRESSIVE;
				CLANG_CXX_LANGUAGE_STANDARD = "gnu++14";
				CLANG_CXX_LIBRARY = "libc++";
				CLANG_ENABLE_MODULES = YES;
				CLANG_ENABLE_OBJC_ARC = YES;
				CLANG_ENABLE_OBJC_WEAK = YES;
				CLANG_WARN_BLOCK_CAPTURE_AUTORELEASING = YES;
				CLANG_WARN_BOOL_CONVERSION = YES;
				CLANG_WARN_COMMA = YES;
				CLANG_WARN_CONSTANT_CONVERSION = YES;
				CLANG_WARN_DEPRECATED_OBJC_IMPLEMENTATIONS = YES;
				CLANG_WARN_DIRECT_OBJC_ISA_USAGE = YES_ERROR;
				CLANG_WARN_DOCUMENTATION_COMMENTS = YES;
				CLANG_WARN_EMPTY_BODY = YES;
				CLANG_WARN_ENUM_CONVERSION = YES;
				CLANG_WARN_INFINITE_RECURSION = YES;
				CLANG_WARN_INT_CONVERSION = YES;
				CLANG_WARN_NON_LITERAL_NULL_CONVERSION = YES;
				CLANG_WARN_OBJC_IMPLICIT_RETAIN_SELF = YES;
				CLANG_WARN_OBJC_LITERAL_CONVERSION = YES;
				CLANG_WARN_OBJC_ROOT_CLASS = YES_ERROR;
				CLANG_WARN_RANGE_LOOP_ANALYSIS = YES;
				CLANG_WARN_STRICT_PROTOTYPES = YES;
				CLANG_WARN_SUSPICIOUS_MOVE = YES;
				CLANG_WARN_UNGUARDED_AVAILABILITY = YES_AGGRESSIVE;
				CLANG_WARN_UNREACHABLE_CODE = YES;
				CLANG_WARN__DUPLICATE_METHOD_MATCH = YES;
				CODE_SIGN_IDENTITY = "iPhone Developer";
				COPY_PHASE_STRIP = NO;
				DEBUG_INFORMATION_FORMAT = "dwarf-with-dsym";
				ENABLE_NS_ASSERTIONS = NO;
				ENABLE_STRICT_OBJC_MSGSEND = YES;
				GCC_C_LANGUAGE_STANDARD = gnu11;
				GCC_NO_COMMON_BLOCKS = YES;
				GCC_WARN_64_TO_32_BIT_CONVERSION = YES;
				GCC_WARN_ABOUT_RETURN_TYPE = YES_ERROR;
				GCC_WARN_UNDECLARED_SELECTOR = YES;
				GCC_WARN_UNINITIALIZED_AUTOS = YES_AGGRESSIVE;
				GCC_WARN_UNUSED_FUNCTION = YES;
				GCC_WARN_UNUSED_VARIABLE = YES;
				IPHONEOS_DEPLOYMENT_TARGET = 12.1;
				MTL_ENABLE_DEBUG_INFO = NO;
				MTL_FAST_MATH = YES;
				SDKROOT = iphoneos;
				SWIFT_COMPILATION_MODE = wholemodule;
				SWIFT_OPTIMIZATION_LEVEL = "-O";
				VALIDATE_PRODUCT = YES;
			};
			name = Release;
		};
		8B899CFE21F328ED00FF9A7D /* Debug */ = {
			isa = XCBuildConfiguration;
			buildSettings = {
				ASSETCATALOG_COMPILER_APPICON_NAME = AppIcon;
				CODE_SIGN_STYLE = Automatic;
				DEVELOPMENT_TEAM = 5C2XD9H2JS;
				INFOPLIST_FILE = PiPVideoPlayer/Info.plist;
				LD_RUNPATH_SEARCH_PATHS = (
					"$(inherited)",
					"@executable_path/Frameworks",
				);
				PRODUCT_BUNDLE_IDENTIFIER = com.alfianlosari.PiPVideoPlayer;
				PRODUCT_NAME = "$(TARGET_NAME)";
				SWIFT_VERSION = 4.2;
				TARGETED_DEVICE_FAMILY = "1,2";
			};
			name = Debug;
		};
		8B899CFF21F328ED00FF9A7D /* Release */ = {
			isa = XCBuildConfiguration;
			buildSettings = {
				ASSETCATALOG_COMPILER_APPICON_NAME = AppIcon;
				CODE_SIGN_STYLE = Automatic;
				DEVELOPMENT_TEAM = 5C2XD9H2JS;
				INFOPLIST_FILE = PiPVideoPlayer/Info.plist;
				LD_RUNPATH_SEARCH_PATHS = (
					"$(inherited)",
					"@executable_path/Frameworks",
				);
				PRODUCT_BUNDLE_IDENTIFIER = com.alfianlosari.PiPVideoPlayer;
				PRODUCT_NAME = "$(TARGET_NAME)";
				SWIFT_VERSION = 4.2;
				TARGETED_DEVICE_FAMILY = "1,2";
			};
			name = Release;
		};
/* End XCBuildConfiguration section */

/* Begin XCConfigurationList section */
		8B899CE621F328EC00FF9A7D /* Build configuration list for PBXProject "PiPVideoPlayer" */ = {
			isa = XCConfigurationList;
			buildConfigurations = (
				8B899CFB21F328ED00FF9A7D /* Debug */,
				8B899CFC21F328ED00FF9A7D /* Release */,
			);
			defaultConfigurationIsVisible = 0;
			defaultConfigurationName = Release;
		};
		8B899CFD21F328ED00FF9A7D /* Build configuration list for PBXNativeTarget "PiPVideoPlayer" */ = {
			isa = XCConfigurationList;
			buildConfigurations = (
				8B899CFE21F328ED00FF9A7D /* Debug */,
				8B899CFF21F328ED00FF9A7D /* Release */,
			);
			defaultConfigurationIsVisible = 0;
			defaultConfigurationName = Release;
		};
/* End XCConfigurationList section */
	};
	rootObject = 8B899CE321F328EC00FF9A7D /* Project object */;
}
